<?xml version="1.0" encoding="utf-8"?>
<Project ToolsVersion="4.0" xmlns="http://schemas.microsoft.com/developer/msbuild/2003">
  <ItemGroup>
    <Filter Include="Source Files">
      <UniqueIdentifier>{4FC737F1-C7A5-4376-A066-2A32D752A2FF}</UniqueIdentifier>
      <Extensions>cpp;c;cc;cxx;def;odl;idl;hpj;bat;asm;asmx</Extensions>
    </Filter>
    <Filter Include="Header Files">
      <UniqueIdentifier>{93995380-89BD-4b04-88EB-625FBE52EBFB}</UniqueIdentifier>
      <Extensions>h;hh;hpp;hxx;hm;inl;inc;xsd</Extensions>
    </Filter>
    <Filter Include="Resource Files">
      <UniqueIdentifier>{67DA6AB6-F800-4c08-8B7A-83BB121AAD01}</UniqueIdentifier>
      <Extensions>rc;ico;cur;bmp;dlg;rc2;rct;bin;rgs;gif;jpg;jpeg;jpe;resx;tiff;tif;png;wav;mfcribbon-ms</Extensions>
    </Filter>
    <Filter Include="Resource Files\Shader Sources">
      <UniqueIdentifier>{0c7bc890-5341-47bf-9a6a-1fe1115f6644}</UniqueIdentifier>
    </Filter>
    <Filter Include="Resource Files\Compiled Shaders">
      <UniqueIdentifier>{a5a71331-2eec-47d6-ac44-0ef8730bb015}</UniqueIdentifier>
    </Filter>
  </ItemGroup>
  <ItemGroup>
    <ClCompile Include="..\src\particles_loop\app.cpp">
      <Filter>Source Files</Filter>
    </ClCompile>
    <ClCompile Include="..\src\particles_loop\imgui.cpp">
      <Filter>Source Files</Filter>
    </ClCompile>
    <ClCompile Include="..\src\particles_loop\imgui_demo.cpp">
      <Filter>Source Files</Filter>
    </ClCompile>
    <ClCompile Include="..\src\particles_loop\imgui_draw.cpp">
      <Filter>Source Files</Filter>
    </ClCompile>
    <ClCompile Include="..\src\particles_loop\imgui_impl_vulkan.cpp">
      <Filter>Source Files</Filter>
    </ClCompile>
    <ClCompile Include="..\src\particles_loop\imgui_impl_win32.cpp">
      <Filter>Source Files</Filter>
    </ClCompile>
    <ClCompile Include="..\src\particles_loop\initializers.cpp">
      <Filter>Source Files</Filter>
    </ClCompile>
    <ClCompile Include="..\src\particles_loop\main.cpp">
      <Filter>Source Files</Filter>
    </ClCompile>
    <ClCompile Include="..\src\particles_loop\Renderer.cpp">
      <Filter>Source Files</Filter>
    </ClCompile>
    <ClCompile Include="..\src\particles_loop\scene.cpp">
      <Filter>Source Files</Filter>
    </ClCompile>
    <ClCompile Include="..\src\particles_loop\Shared.cpp">
      <Filter>Source Files</Filter>
    </ClCompile>
    <ClCompile Include="..\src\particles_loop\utils.cpp">
      <Filter>Source Files</Filter>
    </ClCompile>
    <ClCompile Include="..\src\particles_loop\vk_mem_alloc_usage.cpp">
      <Filter>Source Files</Filter>
    </ClCompile>
    <ClCompile Include="..\src\particles_loop\volk.c">
      <Filter>Source Files</Filter>
    </ClCompile>
    <ClCompile Include="..\src\particles_loop\window.cpp">
      <Filter>Source Files</Filter>
    </ClCompile>
    <ClCompile Include="..\src\particles_loop\window_win32.cpp">
      <Filter>Source Files</Filter>
    </ClCompile>
  </ItemGroup>
  <ItemGroup>
    <ClInclude Include="..\src\particles_loop\app.h">
      <Filter>Header Files</Filter>
    </ClInclude>
    <ClInclude Include="..\src\particles_loop\build_options.h">
      <Filter>Header Files</Filter>
    </ClInclude>
    <ClInclude Include="..\src\particles_loop\glm_usage.h">
      <Filter>Header Files</Filter>
    </ClInclude>
    <ClInclude Include="..\src\particles_loop\imconfig.h">
      <Filter>Header Files</Filter>
    </ClInclude>
    <ClInclude Include="..\src\particles_loop\imgui.h">
      <Filter>Header Files</Filter>
    </ClInclude>
    <ClInclude Include="..\src\particles_loop\imgui_impl_vulkan.h">
      <Filter>Header Files</Filter>
    </ClInclude>
    <ClInclude Include="..\src\particles_loop\imgui_impl_win32.h">
      <Filter>Header Files</Filter>
    </ClInclude>
    <ClInclude Include="..\src\particles_loop\imgui_internal.h">
      <Filter>Header Files</Filter>
    </ClInclude>
    <ClInclude Include="..\src\particles_loop\initializers.h">
      <Filter>Header Files</Filter>
    </ClInclude>
    <ClInclude Include="..\src\particles_loop\platform.h">
      <Filter>Header Files</Filter>
    </ClInclude>
    <ClInclude Include="..\src\particles_loop\Renderer.h">
      <Filter>Header Files</Filter>
    </ClInclude>
    <ClInclude Include="..\src\particles_loop\scene.h">
      <Filter>Header Files</Filter>
    </ClInclude>
    <ClInclude Include="..\src\particles_loop\Shared.h">
      <Filter>Header Files</Filter>
    </ClInclude>
    <ClInclude Include="..\src\particles_loop\stb_rect_pack.h">
      <Filter>Header Files</Filter>
    </ClInclude>
    <ClInclude Include="..\src\particles_loop\stb_textedit.h">
      <Filter>Header Files</Filter>
    </ClInclude>
    <ClInclude Include="..\src\particles_loop\stb_truetype.h">
      <Filter>Header Files</Filter>
    </ClInclude>
    <ClInclude Include="..\src\particles_loop\utils.h">
      <Filter>Header Files</Filter>
    </ClInclude>
    <ClInclude Include="..\src\particles_loop\vk_mem_alloc.h">
      <Filter>Header Files</Filter>
    </ClInclude>
    <ClInclude Include="..\src\particles_loop\vk_mem_alloc_usage.h">
      <Filter>Header Files</Filter>
    </ClInclude>
    <ClInclude Include="..\src\particles_loop\volk.h">
      <Filter>Header Files</Filter>
    </ClInclude>
    <ClInclude Include="..\src\particles_loop\window.h">
      <Filter>Header Files</Filter>
    </ClInclude>
  </ItemGroup>
  <ItemGroup>
    <CustomBuild Include="..\data\particles_loop\simple.frag">
      <Filter>Resource Files\Shader Sources</Filter>
    </CustomBuild>
    <CustomBuild Include="..\data\particles_loop\simple.vert">
      <Filter>Resource Files\Shader Sources</Filter>
    </CustomBuild>
    <CustomBuild Include="..\data\particles_loop\instancing.frag">
      <Filter>Resource Files\Shader Sources</Filter>
    </CustomBuild>
    <CustomBuild Include="..\data\particles_loop\instancing.vert">
      <Filter>Resource Files\Shader Sources</Filter>
    </CustomBuild>
    <CustomBuild Include="..\data\particles_loop\particles.comp">
      <Filter>Resource Files\Shader Sources</Filter>
    </CustomBuild>
  </ItemGroup>
</Project>