<?xml version="1.0" encoding="utf-8"?>
<Project ToolsVersion="4.0" xmlns="http://schemas.microsoft.com/developer/msbuild/2003">
  <ItemGroup>
    <Filter Include="Source Files">
      <UniqueIdentifier>{4FC737F1-C7A5-4376-A066-2A32D752A2FF}</UniqueIdentifier>
      <Extensions>cpp;c;cc;cxx;def;odl;idl;hpj;bat;asm;asmx</Extensions>
    </Filter>
    <Filter Include="Header Files">
      <UniqueIdentifier>{93995380-89BD-4b04-88EB-625FBE52EBFB}</UniqueIdentifier>
      <Extensions>h;hh;hpp;hxx;hm;inl;inc;xsd</Extensions>
    </Filter>
    <Filter Include="Resource Files">
      <UniqueIdentifier>{67DA6AB6-F800-4c08-8B7A-83BB121AAD01}</UniqueIdentifier>
      <Extensions>rc;ico;cur;bmp;dlg;rc2;rct;bin;rgs;gif;jpg;jpeg;jpe;resx;tiff;tif;png;wav;mfcribbon-ms</Extensions>
    </Filter>
    <Filter Include="Resource Files\Shader Sources">
      <UniqueIdentifier>{0c7bc890-5341-47bf-9a6a-1fe1115f6644}</UniqueIdentifier>
    </Filter>
    <Filter Include="Resource Files\Compiled Shaders">
      <UniqueIdentifier>{a5a71331-2eec-47d6-ac44-0ef8730bb015}</UniqueIdentifier>
    </Filter>
  </ItemGroup>
  <ItemGroup>
    <ClInclude Include="..\src\tuto5-12\build_options.h">
      <Filter>Header Files</Filter>
    </ClInclude>
    <ClInclude Include="..\src\tuto5-12\platform.h">
      <Filter>Header Files</Filter>
    </ClInclude>
    <ClInclude Include="..\src\tuto5-12\Renderer.h">
      <Filter>Header Files</Filter>
    </ClInclude>
    <ClInclude Include="..\src\tuto5-12\Shared.h">
      <Filter>Header Files</Filter>
    </ClInclude>
    <ClInclude Include="..\src\tuto5-12\volk.h">
      <Filter>Header Files</Filter>
    </ClInclude>
    <ClInclude Include="..\src\tuto5-12\window.h">
      <Filter>Header Files</Filter>
    </ClInclude>
    <ClInclude Include="..\src\tuto5-12\utils.h">
      <Filter>Header Files</Filter>
    </ClInclude>
    <ClInclude Include="..\src\tuto5-12\vk_mem_alloc.h">
      <Filter>Header Files</Filter>
    </ClInclude>
    <ClInclude Include="..\src\tuto5-12\vk_mem_alloc_usage.h">
      <Filter>Header Files</Filter>
    </ClInclude>
    <ClInclude Include="..\src\tuto5-12\app.h">
      <Filter>Header Files</Filter>
    </ClInclude>
    <ClInclude Include="..\src\tuto5-12\scene.h">
      <Filter>Header Files</Filter>
    </ClInclude>
    <ClInclude Include="..\src\tuto5-12\glm_usage.h">
      <Filter>Header Files</Filter>
    </ClInclude>
    <ClInclude Include="..\src\tuto5-12\initializers.h">
      <Filter>Header Files</Filter>
    </ClInclude>
  </ItemGroup>
  <ItemGroup>
    <ClCompile Include="..\src\tuto5-12\main.cpp">
      <Filter>Source Files</Filter>
    </ClCompile>
    <ClCompile Include="..\src\tuto5-12\Renderer.cpp">
      <Filter>Source Files</Filter>
    </ClCompile>
    <ClCompile Include="..\src\tuto5-12\Shared.cpp">
      <Filter>Source Files</Filter>
    </ClCompile>
    <ClCompile Include="..\src\tuto5-12\volk.c">
      <Filter>Source Files</Filter>
    </ClCompile>
    <ClCompile Include="..\src\tuto5-12\window.cpp">
      <Filter>Source Files</Filter>
    </ClCompile>
    <ClCompile Include="..\src\tuto5-12\window_win32.cpp">
      <Filter>Source Files</Filter>
    </ClCompile>
    <ClCompile Include="..\src\tuto5-12\utils.cpp">
      <Filter>Source Files</Filter>
    </ClCompile>
    <ClCompile Include="..\src\tuto5-12\vk_mem_alloc_usage.cpp">
      <Filter>Source Files</Filter>
    </ClCompile>
    <ClCompile Include="..\src\tuto5-12\app.cpp">
      <Filter>Source Files</Filter>
    </ClCompile>
    <ClCompile Include="..\src\tuto5-12\scene.cpp">
      <Filter>Source Files</Filter>
    </ClCompile>
    <ClCompile Include="..\src\tuto5-12\initializers.cpp">
      <Filter>Source Files</Filter>
    </ClCompile>
  </ItemGroup>
  <ItemGroup>
    <None Include="..\data\simple.frag">
      <Filter>Resource Files\Shader Sources</Filter>
    </None>
    <None Include="..\data\simple.vert">
      <Filter>Resource Files\Shader Sources</Filter>
    </None>
  </ItemGroup>
</Project>