
Microsoft Visual Studio Solution File, Format Version 12.00
# Visual Studio 15
VisualStudioVersion = 15.0.27703.2000
MinimumVisualStudioVersion = 10.0.40219.1
Project("{8BC9CEB8-8B4A-11D0-8D11-00A0C91BC942}") = "tuto5-12", "tuto5-12.vcxproj", "{EAC54162-F4EC-4544-A723-42E898B088E3}"
EndProject
Project("{8BC9CEB8-8B4A-11D0-8D11-00A0C91BC942}") = "tuto1-4", "tuto1-4.vcxproj", "{9220C134-C630-4143-822C-1FED04D19E02}"
EndProject
Project("{8BC9CEB8-8B4A-11D0-8D11-00A0C91BC942}") = "particles_loop", "particles_loop.vcxproj", "{E4937688-9127-4A96-8D2F-2F596B24C72A}"
EndProject
Global
	GlobalSection(SolutionConfigurationPlatforms) = preSolution
		Debug|x64 = Debug|x64
		Debug|x86 = Debug|x86
		Release|x64 = Release|x64
		Release|x86 = Release|x86
	EndGlobalSection
	GlobalSection(ProjectConfigurationPlatforms) = postSolution
		{EAC54162-F4EC-4544-A723-42E898B088E3}.Debug|x64.ActiveCfg = Debug|x64
		{EAC54162-F4EC-4544-A723-42E898B088E3}.Debug|x64.Build.0 = Debug|x64
		{EAC54162-F4EC-4544-A723-42E898B088E3}.Debug|x86.ActiveCfg = Debug|Win32
		{EAC54162-F4EC-4544-A723-42E898B088E3}.Debug|x86.Build.0 = Debug|Win32
		{EAC54162-F4EC-4544-A723-42E898B088E3}.Release|x64.ActiveCfg = Release|x64
		{EAC54162-F4EC-4544-A723-42E898B088E3}.Release|x64.Build.0 = Release|x64
		{EAC54162-F4EC-4544-A723-42E898B088E3}.Release|x86.ActiveCfg = Release|Win32
		{EAC54162-F4EC-4544-A723-42E898B088E3}.Release|x86.Build.0 = Release|Win32
		{9220C134-C630-4143-822C-1FED04D19E02}.Debug|x64.ActiveCfg = Debug|x64
		{9220C134-C630-4143-822C-1FED04D19E02}.Debug|x64.Build.0 = Debug|x64
		{9220C134-C630-4143-822C-1FED04D19E02}.Debug|x86.ActiveCfg = Debug|Win32
		{9220C134-C630-4143-822C-1FED04D19E02}.Debug|x86.Build.0 = Debug|Win32
		{9220C134-C630-4143-822C-1FED04D19E02}.Release|x64.ActiveCfg = Release|x64
		{9220C134-C630-4143-822C-1FED04D19E02}.Release|x64.Build.0 = Release|x64
		{9220C134-C630-4143-822C-1FED04D19E02}.Release|x86.ActiveCfg = Release|Win32
		{9220C134-C630-4143-822C-1FED04D19E02}.Release|x86.Build.0 = Release|Win32
		{E4937688-9127-4A96-8D2F-2F596B24C72A}.Debug|x64.ActiveCfg = Debug|x64
		{E4937688-9127-4A96-8D2F-2F596B24C72A}.Debug|x64.Build.0 = Debug|x64
		{E4937688-9127-4A96-8D2F-2F596B24C72A}.Debug|x86.ActiveCfg = Debug|Win32
		{E4937688-9127-4A96-8D2F-2F596B24C72A}.Debug|x86.Build.0 = Debug|Win32
		{E4937688-9127-4A96-8D2F-2F596B24C72A}.Release|x64.ActiveCfg = Release|x64
		{E4937688-9127-4A96-8D2F-2F596B24C72A}.Release|x64.Build.0 = Release|x64
		{E4937688-9127-4A96-8D2F-2F596B24C72A}.Release|x86.ActiveCfg = Release|Win32
		{E4937688-9127-4A96-8D2F-2F596B24C72A}.Release|x86.Build.0 = Release|Win32
	EndGlobalSection
	GlobalSection(SolutionProperties) = preSolution
		HideSolutionNode = FALSE
	EndGlobalSection
	GlobalSection(ExtensibilityGlobals) = postSolution
		SolutionGuid = {786F0614-1529-4A49-AEAE-171238016C11}
	EndGlobalSection
EndGlobal
